<?xml version="1.0" encoding="utf-8"?>
<Project ToolsVersion="4.0" xmlns="http://schemas.microsoft.com/developer/msbuild/2003">
  <ItemGroup>
    <ClInclude Include="src\sample\Const_Value.h" />
    <ClInclude Include="src\sample\debug.h" />
    <ClInclude Include="src\sample\Game.h" />
    <ClInclude Include="src\sample\GameObject.h" />
    <ClInclude Include="src\utility\LoadResourceHelper.h" />
    <ClInclude Include="src\map\Map.h" />
    <ClInclude Include="src\sample\Mario.h" />
    <ClInclude Include="src\utility\MathHelper.h" />
    <ClInclude Include="src\character\Simon.h" />
    <ClInclude Include="src\sample\Sprites.h" />
    <ClInclude Include="src\weapon\Sword.h" />
    <ClInclude Include="src\item\SwordItem.h" />
    <ClInclude Include="src\sample\Textures.h" />
    <ClInclude Include="src\weapon\Whip.h" />
    <ClInclude Include="src\item\Whip_PowerUp.h" />
    <ClInclude Include="src\map\tileset.h" />
    <ClInclude Include="src\Scene\SceneManager.h" />
    <ClInclude Include="src\Scene\SceneExample.h" />
    <ClInclude Include="src\sample\CSampleKeyHandler.h" />
    <ClInclude Include="src\sample\Endpoint.h" />
    <ClInclude Include="src\Scene\Scene2.h" />
    <ClInclude Include="src\map\Invisibleobject.h" />
    <ClInclude Include="src\item\SmallItem.h" />
    <ClInclude Include="src\item\BoundItem.h" />
    <ClInclude Include="src\Scene\SceneGame.h" />
    <ClInclude Include="src\camera\Camera.h" />
  </ItemGroup>
  <ItemGroup>
    <Filter Include="Header">
      <UniqueIdentifier>{1fa7538d-0d05-4efc-90a5-ccc5e7530719}</UniqueIdentifier>
    </Filter>
    <Filter Include="Source Files">
      <UniqueIdentifier>{704a40d8-4236-4cda-926d-2bb916a02134}</UniqueIdentifier>
    </Filter>
    <Filter Include="Header\Resource Files">
      <UniqueIdentifier>{d7344996-f973-4b81-b4b4-cba7abb245b4}</UniqueIdentifier>
    </Filter>
  </ItemGroup>
  <ItemGroup>
    <ClCompile Include="src\sample\debug.cpp" />
    <ClCompile Include="src\sample\Game.cpp" />
    <ClCompile Include="src\sample\GameObject.cpp" />
    <ClCompile Include="src\utility\LoadResourceHelper.cpp" />
    <ClCompile Include="src\sample\main.cpp" />
    <ClCompile Include="src\map\Map.cpp" />
    <ClCompile Include="src\sample\Mario.cpp" />
    <ClCompile Include="src\utility\MathHelper.cpp" />
    <ClCompile Include="src\character\Simon.cpp" />
    <ClCompile Include="src\sample\Sprites.cpp" />
    <ClCompile Include="src\weapon\Sword.cpp" />
    <ClCompile Include="src\item\SwordItem.cpp" />
    <ClCompile Include="src\sample\Textures.cpp" />
    <ClCompile Include="src\weapon\Whip.cpp" />
    <ClCompile Include="src\item\Whip_PowerUp.cpp" />
    <ClCompile Include="src\map\tileset.cpp" />
    <ClCompile Include="src\sample\Const_Value.cpp" />
    <ClCompile Include="src\Scene\SceneManager.cpp" />
    <ClCompile Include="src\Scene\SceneExample.cpp" />
    <ClCompile Include="src\sample\CSampleKeyHandler.cpp" />
    <ClCompile Include="src\sample\Endpoint.cpp" />
    <ClCompile Include="src\Scene\Scene2.cpp" />
    <ClCompile Include="src\map\Invisibleobject.cpp" />
    <ClCompile Include="src\item\SmallItem.cpp" />
    <ClCompile Include="src\item\BoundItem.cpp" />
    <ClCompile Include="src\Scene\SceneGame.cpp" />
    <ClCompile Include="src\camera\Camera.cpp" />
  </ItemGroup>
  <ItemGroup>
    <Image Include="content\textures\bbox.png" />
    <Image Include="content\textures\Block.png" />
    <Image Include="content\textures\Block_01.png" />
    <Image Include="content\textures\Brazier.png" />
    <Image Include="content\textures\brick.png" />
    <Image Include="content\textures\Courtyard.bmp" />
    <Image Include="content\textures\Dagger.png" />
    <Image Include="content\textures\Dirt_Block.png" />
    <Image Include="content\textures\enemies.png" />
    <Image Include="content\textures\Large_Heart.png" />
    <Image Include="content\textures\mario.png" />
    <Image Include="content\textures\mario2.png" />
    <Image Include="content\textures\misc.png" />
    <Image Include="content\textures\Simon.png" />
    <Image Include="content\textures\Whip.png" />
    <Image Include="content\textures\Whip_Powerup.png" />
  </ItemGroup>
  <ItemGroup>
    <Text Include="content\items\Large_heart.txt" />
    <Text Include="content\items\Large_heart_ani.txt" />
    <Text Include="content\items\Whip_PowerUp.txt" />
    <Text Include="content\items\Whip_PowerUp_ani.txt" />
    <Text Include="content\characters\player\player_all_ani.txt" />
    <Text Include="content\characters\player\player_sprites.txt" />
    <Text Include="content\characters\player\Sword\Sword_ani.txt" />
    <Text Include="content\characters\player\Sword\Sword_sprites.txt" />
    <Text Include="content\characters\player\player_ani\attack.txt" />
    <Text Include="content\characters\player\player_ani\godown.txt" />
    <Text Include="content\characters\player\player_ani\goup.txt" />
    <Text Include="content\characters\player\player_ani\idle.txt" />
    <Text Include="content\characters\player\player_ani\jump.txt" />
    <Text Include="content\characters\player\player_ani\sit.txt" />
    <Text Include="content\characters\player\player_ani\sitattack.txt" />
    <Text Include="content\characters\player\player_ani\walk.txt" />
    <Text Include="content\characters\player\whip\whip_ani_lv1.txt" />
    <Text Include="content\characters\player\whip\whip_ani_lv3.txt" />
    <Text Include="content\characters\player\whip\whip_sprites.txt" />
    <Text Include="content\characters\player\whip\whip_ani_lv2.txt" />
    <Text Include="content\tilemap\Courtyard.txt" />
  </ItemGroup>
  <ItemGroup>
    <None Include="README.md" />
    <None Include=".gitignore" />
  </ItemGroup>
</Project>